
Microsoft Visual Studio Solution File, Format Version 12.00
# Visual Studio 15
VisualStudioVersion = 15.0.28307.489
MinimumVisualStudioVersion = 10.0.40219.1
Project("{FAE04EC0-301F-11D3-BF4B-00C04F79EFBC}") = "AccentureSystemTest", "AccentureSystemTest\AccentureSystemTest.csproj", "{551776B3-1B08-481B-839A-9A3A57F1E1F9}"
EndProject
Global
	GlobalSection(SolutionConfigurationPlatforms) = preSolution
		Debug|Any CPU = Debug|Any CPU
		Release|Any CPU = Release|Any CPU
	EndGlobalSection
	GlobalSection(ProjectConfigurationPlatforms) = postSolution
		{551776B3-1B08-481B-839A-9A3A57F1E1F9}.Debug|Any CPU.ActiveCfg = Debug|Any CPU
		{551776B3-1B08-481B-839A-9A3A57F1E1F9}.Debug|Any CPU.Build.0 = Debug|Any CPU
		{551776B3-1B08-481B-839A-9A3A57F1E1F9}.Release|Any CPU.ActiveCfg = Release|Any CPU
		{551776B3-1B08-481B-839A-9A3A57F1E1F9}.Release|Any CPU.Build.0 = Release|Any CPU
	EndGlobalSection
	GlobalSection(SolutionProperties) = preSolution
		HideSolutionNode = FALSE
	EndGlobalSection
	GlobalSection(ExtensibilityGlobals) = postSolution
		SolutionGuid = {AE5E3B2F-4BBD-4D12-AE16-8591F92862A7}
	EndGlobalSection
EndGlobal
